
Microsoft Visual Studio Solution File, Format Version 12.00
# Visual Studio Version 16
VisualStudioVersion = 16.0.30128.74
MinimumVisualStudioVersion = 10.0.40219.1
Project("{FAE04EC0-301F-11D3-BF4B-00C04F79EFBC}") = "Hands on Work lll", "Hands on Work lll\Hands on Work lll.csproj", "{33D537F1-F114-4C7C-ACE3-2E6377F6BEDE}"
EndProject
Global
	GlobalSection(SolutionConfigurationPlatforms) = preSolution
		Debug|Any CPU = Debug|Any CPU
		Release|Any CPU = Release|Any CPU
	EndGlobalSection
	GlobalSection(ProjectConfigurationPlatforms) = postSolution
		{33D537F1-F114-4C7C-ACE3-2E6377F6BEDE}.Debug|Any CPU.ActiveCfg = Debug|Any CPU
		{33D537F1-F114-4C7C-ACE3-2E6377F6BEDE}.Debug|Any CPU.Build.0 = Debug|Any CPU
		{33D537F1-F114-4C7C-ACE3-2E6377F6BEDE}.Release|Any CPU.ActiveCfg = Release|Any CPU
		{33D537F1-F114-4C7C-ACE3-2E6377F6BEDE}.Release|Any CPU.Build.0 = Release|Any CPU
	EndGlobalSection
	GlobalSection(SolutionProperties) = preSolution
		HideSolutionNode = FALSE
	EndGlobalSection
	GlobalSection(ExtensibilityGlobals) = postSolution
		SolutionGuid = {04D790DC-8CFC-442E-B75D-A97B073D534A}
	EndGlobalSection
EndGlobal
